
Microsoft Visual Studio Solution File, Format Version 12.00
# Visual Studio Version 17
VisualStudioVersion = 17.11.35327.3
MinimumVisualStudioVersion = 10.0.40219.1
Project("{C7167F0D-BC9F-4E6E-AFE1-012C56B48DB5}") = "BMICalculator (Package)", "BMICalculator\BMICalculator (Package)\BMICalculator (Package).wapproj", "{6ABCAFC6-4111-4F61-A78F-15AF9EB72B3F}"
EndProject
Project("{FAE04EC0-301F-11D3-BF4B-00C04F79EFBC}") = "BMICalculator", "BMICalculator\BMICalculator\BMICalculator.csproj", "{CEC37EF3-2FD1-4FE8-8D1A-5258ED2178BC}"
EndProject
Global
	GlobalSection(SolutionConfigurationPlatforms) = preSolution
		Debug|ARM64 = Debug|ARM64
		Debug|x64 = Debug|x64
		Debug|x86 = Debug|x86
		Release|ARM64 = Release|ARM64
		Release|x64 = Release|x64
		Release|x86 = Release|x86
	EndGlobalSection
	GlobalSection(ProjectConfigurationPlatforms) = postSolution
		{6ABCAFC6-4111-4F61-A78F-15AF9EB72B3F}.Debug|ARM64.ActiveCfg = Debug|ARM64
		{6ABCAFC6-4111-4F61-A78F-15AF9EB72B3F}.Debug|ARM64.Build.0 = Debug|ARM64
		{6ABCAFC6-4111-4F61-A78F-15AF9EB72B3F}.Debug|ARM64.Deploy.0 = Debug|ARM64
		{6ABCAFC6-4111-4F61-A78F-15AF9EB72B3F}.Debug|x64.ActiveCfg = Debug|x64
		{6ABCAFC6-4111-4F61-A78F-15AF9EB72B3F}.Debug|x64.Build.0 = Debug|x64
		{6ABCAFC6-4111-4F61-A78F-15AF9EB72B3F}.Debug|x64.Deploy.0 = Debug|x64
		{6ABCAFC6-4111-4F61-A78F-15AF9EB72B3F}.Debug|x86.ActiveCfg = Debug|x86
		{6ABCAFC6-4111-4F61-A78F-15AF9EB72B3F}.Debug|x86.Build.0 = Debug|x86
		{6ABCAFC6-4111-4F61-A78F-15AF9EB72B3F}.Debug|x86.Deploy.0 = Debug|x86
		{6ABCAFC6-4111-4F61-A78F-15AF9EB72B3F}.Release|ARM64.ActiveCfg = Release|ARM64
		{6ABCAFC6-4111-4F61-A78F-15AF9EB72B3F}.Release|ARM64.Build.0 = Release|ARM64
		{6ABCAFC6-4111-4F61-A78F-15AF9EB72B3F}.Release|ARM64.Deploy.0 = Release|ARM64
		{6ABCAFC6-4111-4F61-A78F-15AF9EB72B3F}.Release|x64.ActiveCfg = Release|x64
		{6ABCAFC6-4111-4F61-A78F-15AF9EB72B3F}.Release|x64.Build.0 = Release|x64
		{6ABCAFC6-4111-4F61-A78F-15AF9EB72B3F}.Release|x64.Deploy.0 = Release|x64
		{6ABCAFC6-4111-4F61-A78F-15AF9EB72B3F}.Release|x86.ActiveCfg = Release|x86
		{6ABCAFC6-4111-4F61-A78F-15AF9EB72B3F}.Release|x86.Build.0 = Release|x86
		{6ABCAFC6-4111-4F61-A78F-15AF9EB72B3F}.Release|x86.Deploy.0 = Release|x86
		{CEC37EF3-2FD1-4FE8-8D1A-5258ED2178BC}.Debug|ARM64.ActiveCfg = Debug|ARM64
		{CEC37EF3-2FD1-4FE8-8D1A-5258ED2178BC}.Debug|ARM64.Build.0 = Debug|ARM64
		{CEC37EF3-2FD1-4FE8-8D1A-5258ED2178BC}.Debug|x64.ActiveCfg = Debug|x64
		{CEC37EF3-2FD1-4FE8-8D1A-5258ED2178BC}.Debug|x64.Build.0 = Debug|x64
		{CEC37EF3-2FD1-4FE8-8D1A-5258ED2178BC}.Debug|x86.ActiveCfg = Debug|x86
		{CEC37EF3-2FD1-4FE8-8D1A-5258ED2178BC}.Debug|x86.Build.0 = Debug|x86
		{CEC37EF3-2FD1-4FE8-8D1A-5258ED2178BC}.Release|ARM64.ActiveCfg = Release|ARM64
		{CEC37EF3-2FD1-4FE8-8D1A-5258ED2178BC}.Release|ARM64.Build.0 = Release|ARM64
		{CEC37EF3-2FD1-4FE8-8D1A-5258ED2178BC}.Release|x64.ActiveCfg = Release|x64
		{CEC37EF3-2FD1-4FE8-8D1A-5258ED2178BC}.Release|x64.Build.0 = Release|x64
		{CEC37EF3-2FD1-4FE8-8D1A-5258ED2178BC}.Release|x86.ActiveCfg = Release|x86
		{CEC37EF3-2FD1-4FE8-8D1A-5258ED2178BC}.Release|x86.Build.0 = Release|x86
	EndGlobalSection
	GlobalSection(SolutionProperties) = preSolution
		HideSolutionNode = FALSE
	EndGlobalSection
	GlobalSection(ExtensibilityGlobals) = postSolution
		SolutionGuid = {65F4E480-8F3E-4102-A012-EC11D7CC122A}
	EndGlobalSection
EndGlobal
